
Microsoft Visual Studio Solution File, Format Version 12.00
# Visual Studio 15
VisualStudioVersion = 15.0.27703.2047
MinimumVisualStudioVersion = 10.0.40219.1
Project("{F14B399A-7131-4C87-9E4B-1186C45EF12D}") = "ReportProject2", "ReportProject2\ReportProject2.rptproj", "{F6C2EF9E-7245-4CEE-B764-C84A241C62FC}"
EndProject
Global
	GlobalSection(SolutionConfigurationPlatforms) = preSolution
		Debug|Default = Debug|Default
		DebugLocal|Default = DebugLocal|Default
		Release|Default = Release|Default
	EndGlobalSection
	GlobalSection(ProjectConfigurationPlatforms) = postSolution
		{F6C2EF9E-7245-4CEE-B764-C84A241C62FC}.Debug|Default.ActiveCfg = Debug
		{F6C2EF9E-7245-4CEE-B764-C84A241C62FC}.Debug|Default.Build.0 = Debug
		{F6C2EF9E-7245-4CEE-B764-C84A241C62FC}.Debug|Default.Deploy.0 = Debug
		{F6C2EF9E-7245-4CEE-B764-C84A241C62FC}.DebugLocal|Default.ActiveCfg = DebugLocal
		{F6C2EF9E-7245-4CEE-B764-C84A241C62FC}.DebugLocal|Default.Build.0 = DebugLocal
		{F6C2EF9E-7245-4CEE-B764-C84A241C62FC}.Release|Default.ActiveCfg = Release
		{F6C2EF9E-7245-4CEE-B764-C84A241C62FC}.Release|Default.Build.0 = Release
		{F6C2EF9E-7245-4CEE-B764-C84A241C62FC}.Release|Default.Deploy.0 = Release
	EndGlobalSection
	GlobalSection(SolutionProperties) = preSolution
		HideSolutionNode = FALSE
	EndGlobalSection
	GlobalSection(ExtensibilityGlobals) = postSolution
		SolutionGuid = {63E6D86C-AB8D-4FB7-A31E-90CBE3B15A4B}
	EndGlobalSection
EndGlobal
